
Microsoft Visual Studio Solution File, Format Version 12.00
Project("{FAE04EC0-301F-11D3-BF4B-00C04F79EFBC}") = "CapSwDevProj", "CapSwDevProj.csproj", "{A08AC86E-6858-4857-BF72-5219B0FB95E7}"
EndProject
Global
	GlobalSection(SolutionConfigurationPlatforms) = preSolution
		Debug|Any CPU = Debug|Any CPU
		Release|Any CPU = Release|Any CPU
	EndGlobalSection
	GlobalSection(ProjectConfigurationPlatforms) = postSolution
		{A08AC86E-6858-4857-BF72-5219B0FB95E7}.Debug|Any CPU.ActiveCfg = Debug|Any CPU
		{A08AC86E-6858-4857-BF72-5219B0FB95E7}.Debug|Any CPU.Build.0 = Debug|Any CPU
		{A08AC86E-6858-4857-BF72-5219B0FB95E7}.Release|Any CPU.ActiveCfg = Release|Any CPU
		{A08AC86E-6858-4857-BF72-5219B0FB95E7}.Release|Any CPU.Build.0 = Release|Any CPU
	EndGlobalSection
EndGlobal
